Microsoft Visual Studio Solution File, Format Version 11.00
# Visual Studio 2008

Project("{D2CBE65F-53DA-8607-E641-73C1A83394FE}") = "zoo", "Assembly-CSharp.csproj", "{2A7E7BA1-057A-697B-9DEA-C5C678B70AD7}"
EndProject
Project("{D2CBE65F-53DA-8607-E641-73C1A83394FE}") = "zoo", "Assembly-CSharp-Editor.csproj", "{C50CE7D0-4955-F6D7-FF47-15ABE8085DC7}"
EndProject
Project("{D2CBE65F-53DA-8607-E641-73C1A83394FE}") = "zoo", "Assembly-UnityScript-Editor-firstpass.unityproj", "{32A207A1-5EFF-F401-8FFB-B30C4B0F8C8E}"
EndProject
Global
	GlobalSection(SolutionConfigurationPlatforms) = preSolution
		Debug|Any CPU = Debug|Any CPU
		Release|Any CPU = Release|Any CPU
	EndGlobalSection
	GlobalSection(ProjectConfigurationPlatforms) = postSolution
		{2A7E7BA1-057A-697B-9DEA-C5C678B70AD7}.Debug|Any CPU.ActiveCfg = Debug|Any CPU
		{2A7E7BA1-057A-697B-9DEA-C5C678B70AD7}.Debug|Any CPU.Build.0 = Debug|Any CPU
		{2A7E7BA1-057A-697B-9DEA-C5C678B70AD7}.Release|Any CPU.ActiveCfg = Release|Any CPU
		{2A7E7BA1-057A-697B-9DEA-C5C678B70AD7}.Release|Any CPU.Build.0 = Release|Any CPU
		{C50CE7D0-4955-F6D7-FF47-15ABE8085DC7}.Debug|Any CPU.ActiveCfg = Debug|Any CPU
		{C50CE7D0-4955-F6D7-FF47-15ABE8085DC7}.Debug|Any CPU.Build.0 = Debug|Any CPU
		{C50CE7D0-4955-F6D7-FF47-15ABE8085DC7}.Release|Any CPU.ActiveCfg = Release|Any CPU
		{C50CE7D0-4955-F6D7-FF47-15ABE8085DC7}.Release|Any CPU.Build.0 = Release|Any CPU
		{32A207A1-5EFF-F401-8FFB-B30C4B0F8C8E}.Debug|Any CPU.ActiveCfg = Debug|Any CPU
		{32A207A1-5EFF-F401-8FFB-B30C4B0F8C8E}.Debug|Any CPU.Build.0 = Debug|Any CPU
		{32A207A1-5EFF-F401-8FFB-B30C4B0F8C8E}.Release|Any CPU.ActiveCfg = Release|Any CPU
		{32A207A1-5EFF-F401-8FFB-B30C4B0F8C8E}.Release|Any CPU.Build.0 = Release|Any CPU
	EndGlobalSection
	GlobalSection(SolutionProperties) = preSolution
		HideSolutionNode = FALSE
	EndGlobalSection
																															GlobalSection(MonoDevelopProperties) = preSolution
		StartupItem = Assembly-CSharp.csproj
		Policies = $0
		$0.TextStylePolicy = $1
		$1.inheritsSet = null
		$1.scope = text/x-csharp
		$0.CSharpFormattingPolicy = $2
		$2.inheritsSet = Mono
		$2.inheritsScope = text/x-csharp
		$2.scope = text/x-csharp
		$0.TextStylePolicy = $3
		$3.FileWidth = 120
		$3.TabWidth = 4
		$3.IndentWidth = 4
		$3.EolMarker = Unix
		$3.inheritsSet = Mono
		$3.inheritsScope = text/plain
		$3.scope = text/plain
	EndGlobalSection

EndGlobal
