Microsoft Visual Studio Solution File, Format Version 11.00
# Visual Studio 2008

Project("{BFA888A3-54DB-97C7-CBEF-B9D050B94CA3}") = "Zoo", "Assembly-CSharp.csproj", "{584FFBD7-0097-20C6-637C-9CC034552BAC}"
EndProject
Project("{BFA888A3-54DB-97C7-CBEF-B9D050B94CA3}") = "Zoo", "Assembly-CSharp-Editor.csproj", "{E7D1BA1C-6CC0-35AD-F602-D4ADEEDDA1BD}"
EndProject
Project("{BFA888A3-54DB-97C7-CBEF-B9D050B94CA3}") = "Zoo", "Assembly-UnityScript.unityproj", "{6DC16A31-8F6D-014D-6D2A-50E7CFF7CA08}"
EndProject
Project("{BFA888A3-54DB-97C7-CBEF-B9D050B94CA3}") = "Zoo", "Assembly-UnityScript-Editor-firstpass.unityproj", "{ED916230-0D94-E397-7BD5-F56DB0985749}"
EndProject
Global
	GlobalSection(SolutionConfigurationPlatforms) = preSolution
		Debug|Any CPU = Debug|Any CPU
		Release|Any CPU = Release|Any CPU
	EndGlobalSection
	GlobalSection(ProjectConfigurationPlatforms) = postSolution
		{584FFBD7-0097-20C6-637C-9CC034552BAC}.Debug|Any CPU.ActiveCfg = Debug|Any CPU
		{584FFBD7-0097-20C6-637C-9CC034552BAC}.Debug|Any CPU.Build.0 = Debug|Any CPU
		{584FFBD7-0097-20C6-637C-9CC034552BAC}.Release|Any CPU.ActiveCfg = Release|Any CPU
		{584FFBD7-0097-20C6-637C-9CC034552BAC}.Release|Any CPU.Build.0 = Release|Any CPU
		{E7D1BA1C-6CC0-35AD-F602-D4ADEEDDA1BD}.Debug|Any CPU.ActiveCfg = Debug|Any CPU
		{E7D1BA1C-6CC0-35AD-F602-D4ADEEDDA1BD}.Debug|Any CPU.Build.0 = Debug|Any CPU
		{E7D1BA1C-6CC0-35AD-F602-D4ADEEDDA1BD}.Release|Any CPU.ActiveCfg = Release|Any CPU
		{E7D1BA1C-6CC0-35AD-F602-D4ADEEDDA1BD}.Release|Any CPU.Build.0 = Release|Any CPU
		{6DC16A31-8F6D-014D-6D2A-50E7CFF7CA08}.Debug|Any CPU.ActiveCfg = Debug|Any CPU
		{6DC16A31-8F6D-014D-6D2A-50E7CFF7CA08}.Debug|Any CPU.Build.0 = Debug|Any CPU
		{6DC16A31-8F6D-014D-6D2A-50E7CFF7CA08}.Release|Any CPU.ActiveCfg = Release|Any CPU
		{6DC16A31-8F6D-014D-6D2A-50E7CFF7CA08}.Release|Any CPU.Build.0 = Release|Any CPU
		{ED916230-0D94-E397-7BD5-F56DB0985749}.Debug|Any CPU.ActiveCfg = Debug|Any CPU
		{ED916230-0D94-E397-7BD5-F56DB0985749}.Debug|Any CPU.Build.0 = Debug|Any CPU
		{ED916230-0D94-E397-7BD5-F56DB0985749}.Release|Any CPU.ActiveCfg = Release|Any CPU
		{ED916230-0D94-E397-7BD5-F56DB0985749}.Release|Any CPU.Build.0 = Release|Any CPU
	EndGlobalSection
	GlobalSection(SolutionProperties) = preSolution
		HideSolutionNode = FALSE
	EndGlobalSection
																					GlobalSection(MonoDevelopProperties) = preSolution
		StartupItem = Assembly-CSharp.csproj
		Policies = $0
		$0.TextStylePolicy = $1
		$1.inheritsSet = null
		$1.scope = text/x-csharp
		$0.CSharpFormattingPolicy = $2
		$2.inheritsSet = Mono
		$2.inheritsScope = text/x-csharp
		$2.scope = text/x-csharp
		$0.TextStylePolicy = $3
		$3.FileWidth = 120
		$3.TabWidth = 4
		$3.IndentWidth = 4
		$3.EolMarker = Unix
		$3.inheritsSet = Mono
		$3.inheritsScope = text/plain
		$3.scope = text/plain
	EndGlobalSection

EndGlobal
